
Microsoft Visual Studio Solution File, Format Version 10.00
# Visual Studio 2008
Project("{FAE04EC0-301F-11D3-BF4B-00C04F79EFBC}") = "TicTacToe", "TicTacToe\TicTacToe.csproj", "{208D84BD-09F7-4482-9350-460EDB0DE824}"
EndProject
Project("{FAE04EC0-301F-11D3-BF4B-00C04F79EFBC}") = "TicTacToe.Web", "TicTacToe.Web\TicTacToe.Web.csproj", "{9CEC0568-C378-4B47-A009-2F15490F503D}"
EndProject
Global
	GlobalSection(SolutionConfigurationPlatforms) = preSolution
		Debug|Any CPU = Debug|Any CPU
		Release|Any CPU = Release|Any CPU
	EndGlobalSection
	GlobalSection(ProjectConfigurationPlatforms) = postSolution
		{208D84BD-09F7-4482-9350-460EDB0DE824}.Debug|Any CPU.ActiveCfg = Debug|Any CPU
		{208D84BD-09F7-4482-9350-460EDB0DE824}.Debug|Any CPU.Build.0 = Debug|Any CPU
		{208D84BD-09F7-4482-9350-460EDB0DE824}.Release|Any CPU.ActiveCfg = Release|Any CPU
		{208D84BD-09F7-4482-9350-460EDB0DE824}.Release|Any CPU.Build.0 = Release|Any CPU
		{9CEC0568-C378-4B47-A009-2F15490F503D}.Debug|Any CPU.ActiveCfg = Debug|Any CPU
		{9CEC0568-C378-4B47-A009-2F15490F503D}.Debug|Any CPU.Build.0 = Debug|Any CPU
		{9CEC0568-C378-4B47-A009-2F15490F503D}.Release|Any CPU.ActiveCfg = Release|Any CPU
		{9CEC0568-C378-4B47-A009-2F15490F503D}.Release|Any CPU.Build.0 = Release|Any CPU
	EndGlobalSection
	GlobalSection(SolutionProperties) = preSolution
		HideSolutionNode = FALSE
	EndGlobalSection
EndGlobal
